
Microsoft Visual Studio Solution File, Format Version 12.00
# Visual Studio Version 16
VisualStudioVersion = 16.0.31321.278
MinimumVisualStudioVersion = 10.0.40219.1
Project("{9A19103F-16F7-4668-BE54-9A1E7A4F7556}") = "HttpClientApi", "HttpClientApi\HttpClientApi.csproj", "{24D3527E-8827-41F5-8A11-00895F4E5AF1}"
EndProject
Project("{FAE04EC0-301F-11D3-BF4B-00C04F79EFBC}") = "S3Client", "S3Client\S3Client.csproj", "{DE9787D4-D077-426D-9459-5FB33E777C0D}"
EndProject
Global
	GlobalSection(SolutionConfigurationPlatforms) = preSolution
		Debug|Any CPU = Debug|Any CPU
		Release|Any CPU = Release|Any CPU
	EndGlobalSection
	GlobalSection(ProjectConfigurationPlatforms) = postSolution
		{24D3527E-8827-41F5-8A11-00895F4E5AF1}.Debug|Any CPU.ActiveCfg = Debug|Any CPU
		{24D3527E-8827-41F5-8A11-00895F4E5AF1}.Debug|Any CPU.Build.0 = Debug|Any CPU
		{24D3527E-8827-41F5-8A11-00895F4E5AF1}.Release|Any CPU.ActiveCfg = Release|Any CPU
		{24D3527E-8827-41F5-8A11-00895F4E5AF1}.Release|Any CPU.Build.0 = Release|Any CPU
		{DE9787D4-D077-426D-9459-5FB33E777C0D}.Debug|Any CPU.ActiveCfg = Debug|Any CPU
		{DE9787D4-D077-426D-9459-5FB33E777C0D}.Debug|Any CPU.Build.0 = Debug|Any CPU
		{DE9787D4-D077-426D-9459-5FB33E777C0D}.Release|Any CPU.ActiveCfg = Release|Any CPU
		{DE9787D4-D077-426D-9459-5FB33E777C0D}.Release|Any CPU.Build.0 = Release|Any CPU
	EndGlobalSection
	GlobalSection(SolutionProperties) = preSolution
		HideSolutionNode = FALSE
	EndGlobalSection
	GlobalSection(ExtensibilityGlobals) = postSolution
		SolutionGuid = {87807542-4B65-4B15-B52B-063CACB22B33}
	EndGlobalSection
EndGlobal
