
Microsoft Visual Studio Solution File, Format Version 12.00
# Visual Studio Version 16
VisualStudioVersion = 16.0.31624.102
MinimumVisualStudioVersion = 10.0.40219.1
Project("{FAE04EC0-301F-11D3-BF4B-00C04F79EFBC}") = "S3PerfTest", "S3PerfTest.csproj", "{4CB25550-3405-46AC-A06D-1E0FE8AA6D4A}"
EndProject
Global
	GlobalSection(SolutionConfigurationPlatforms) = preSolution
		Debug|Any CPU = Debug|Any CPU
		Release|Any CPU = Release|Any CPU
	EndGlobalSection
	GlobalSection(ProjectConfigurationPlatforms) = postSolution
		{4CB25550-3405-46AC-A06D-1E0FE8AA6D4A}.Debug|Any CPU.ActiveCfg = Debug|Any CPU
		{4CB25550-3405-46AC-A06D-1E0FE8AA6D4A}.Debug|Any CPU.Build.0 = Debug|Any CPU
		{4CB25550-3405-46AC-A06D-1E0FE8AA6D4A}.Release|Any CPU.ActiveCfg = Release|Any CPU
		{4CB25550-3405-46AC-A06D-1E0FE8AA6D4A}.Release|Any CPU.Build.0 = Release|Any CPU
	EndGlobalSection
	GlobalSection(SolutionProperties) = preSolution
		HideSolutionNode = FALSE
	EndGlobalSection
	GlobalSection(ExtensibilityGlobals) = postSolution
		SolutionGuid = {60945C68-B7DE-4259-BCDA-7D754A126078}
	EndGlobalSection
EndGlobal
